
Microsoft Visual Studio Solution File, Format Version 12.00
# Visual Studio Version 16
VisualStudioVersion = 16.0.30517.126
MinimumVisualStudioVersion = 10.0.40219.1
Project("{9A19103F-16F7-4668-BE54-9A1E7A4F7556}") = "Elysian", "Elysian.csproj", "{0950D1B9-9F3E-436B-828E-CB5656D90713}"
EndProject
Global
	GlobalSection(SolutionConfigurationPlatforms) = preSolution
		Debug|Any CPU = Debug|Any CPU
		Release|Any CPU = Release|Any CPU
	EndGlobalSection
	GlobalSection(ProjectConfigurationPlatforms) = postSolution
		{0950D1B9-9F3E-436B-828E-CB5656D90713}.Debug|Any CPU.ActiveCfg = Debug|Any CPU
		{0950D1B9-9F3E-436B-828E-CB5656D90713}.Debug|Any CPU.Build.0 = Debug|Any CPU
		{0950D1B9-9F3E-436B-828E-CB5656D90713}.Release|Any CPU.ActiveCfg = Release|Any CPU
		{0950D1B9-9F3E-436B-828E-CB5656D90713}.Release|Any CPU.Build.0 = Release|Any CPU
	EndGlobalSection
	GlobalSection(SolutionProperties) = preSolution
		HideSolutionNode = FALSE
	EndGlobalSection
	GlobalSection(ExtensibilityGlobals) = postSolution
		SolutionGuid = {717A1DB3-E194-4CB1-9FFB-F6A99B332AB4}
	EndGlobalSection
EndGlobal
